// !$*UTF8*$!
{
	archiveVersion = 1;
	classes = {
	};
	objectVersion = 56;
	objects = {

/* Begin PBXBuildFile section */
		63D648D92BD8592400A5B732 /* RenameEverythingApp.swift in Sources */ = {isa = PBXBuildFile; fileRef = 63D648D82BD8592400A5B732 /* RenameEverythingApp.swift */; };
		63D648F22BD9014300A5B732 /* Array - Safe Access.swift in Sources */ = {isa = PBXBuildFile; fileRef = 63D648F12BD9014300A5B732 /* Array - Safe Access.swift */; };
		63D648F42BD9016100A5B732 /* Process Info - Terminal Arguments.swift in Sources */ = {isa = PBXBuildFile; fileRef = 63D648F32BD9016100A5B732 /* Process Info - Terminal Arguments.swift */; };
		63D648F62BD901B000A5B732 /* Renaming Types.swift in Sources */ = {isa = PBXBuildFile; fileRef = 63D648F52BD901B000A5B732 /* Renaming Types.swift */; };
		63D648F82BD9021800A5B732 /* Array - Drop First.swift in Sources */ = {isa = PBXBuildFile; fileRef = 63D648F72BD9021800A5B732 /* Array - Drop First.swift */; };
		63D648FA2BD904B800A5B732 /* Parse Renaming Type.swift in Sources */ = {isa = PBXBuildFile; fileRef = 63D648F92BD904B800A5B732 /* Parse Renaming Type.swift */; };
		63D649042BD9256200A5B732 /* String - Show Help.swift in Sources */ = {isa = PBXBuildFile; fileRef = 63D649032BD9256200A5B732 /* String - Show Help.swift */; };
/* End PBXBuildFile section */

/* Begin PBXCopyFilesBuildPhase section */
		63D648D32BD8592400A5B732 /* CopyFiles */ = {
			isa = PBXCopyFilesBuildPhase;
			buildActionMask = 2147483647;
			dstPath = /usr/share/man/man1/;
			dstSubfolderSpec = 0;
			files = (
			);
			runOnlyForDeploymentPostprocessing = 1;
		};
/* End PBXCopyFilesBuildPhase section */

/* Begin PBXFileReference section */
		63D648D52BD8592400A5B732 /* Rename Everything */ = {isa = PBXFileReference; explicitFileType = "compiled.mach-o.executable"; includeInIndex = 0; path = "Rename Everything"; sourceTree = BUILT_PRODUCTS_DIR; };
		63D648D82BD8592400A5B732 /* RenameEverythingApp.swift */ = {isa = PBXFileReference; lastKnownFileType = sourcecode.swift; path = RenameEverythingApp.swift; sourceTree = "<group>"; };
		63D648F12BD9014300A5B732 /* Array - Safe Access.swift */ = {isa = PBXFileReference; lastKnownFileType = sourcecode.swift; path = "Array - Safe Access.swift"; sourceTree = "<group>"; };
		63D648F32BD9016100A5B732 /* Process Info - Terminal Arguments.swift */ = {isa = PBXFileReference; lastKnownFileType = sourcecode.swift; path = "Process Info - Terminal Arguments.swift"; sourceTree = "<group>"; };
		63D648F52BD901B000A5B732 /* Renaming Types.swift */ = {isa = PBXFileReference; lastKnownFileType = sourcecode.swift; path = "Renaming Types.swift"; sourceTree = "<group>"; };
		63D648F72BD9021800A5B732 /* Array - Drop First.swift */ = {isa = PBXFileReference; lastKnownFileType = sourcecode.swift; path = "Array - Drop First.swift"; sourceTree = "<group>"; };
		63D648F92BD904B800A5B732 /* Parse Renaming Type.swift */ = {isa = PBXFileReference; lastKnownFileType = sourcecode.swift; path = "Parse Renaming Type.swift"; sourceTree = "<group>"; };
		63D649032BD9256200A5B732 /* String - Show Help.swift */ = {isa = PBXFileReference; lastKnownFileType = sourcecode.swift; path = "String - Show Help.swift"; sourceTree = "<group>"; };
/* End PBXFileReference section */

/* Begin PBXFrameworksBuildPhase section */
		63D648D22BD8592400A5B732 /* Frameworks */ = {
			isa = PBXFrameworksBuildPhase;
			buildActionMask = 2147483647;
			files = (
			);
			runOnlyForDeploymentPostprocessing = 0;
		};
/* End PBXFrameworksBuildPhase section */

/* Begin PBXGroup section */
		63D648CC2BD8592400A5B732 = {
			isa = PBXGroup;
			children = (
				63D648D72BD8592400A5B732 /* Rename Everything */,
				63D648D62BD8592400A5B732 /* Products */,
			);
			sourceTree = "<group>";
		};
		63D648D62BD8592400A5B732 /* Products */ = {
			isa = PBXGroup;
			children = (
				63D648D52BD8592400A5B732 /* Rename Everything */,
			);
			name = Products;
			sourceTree = "<group>";
		};
		63D648D72BD8592400A5B732 /* Rename Everything */ = {
			isa = PBXGroup;
			children = (
				63D648F02BD9012F00A5B732 /* Extensions */,
				63D648EE2BD9012300A5B732 /* Enums */,
				63D648EF2BD9012700A5B732 /* Logic */,
				63D648D82BD8592400A5B732 /* RenameEverythingApp.swift */,
			);
			path = "Rename Everything";
			sourceTree = "<group>";
		};
		63D648EE2BD9012300A5B732 /* Enums */ = {
			isa = PBXGroup;
			children = (
				63D648F52BD901B000A5B732 /* Renaming Types.swift */,
			);
			path = Enums;
			sourceTree = "<group>";
		};
		63D648EF2BD9012700A5B732 /* Logic */ = {
			isa = PBXGroup;
			children = (
				63D648F92BD904B800A5B732 /* Parse Renaming Type.swift */,
			);
			path = Logic;
			sourceTree = "<group>";
		};
		63D648F02BD9012F00A5B732 /* Extensions */ = {
			isa = PBXGroup;
			children = (
				63D648F12BD9014300A5B732 /* Array - Safe Access.swift */,
				63D648F32BD9016100A5B732 /* Process Info - Terminal Arguments.swift */,
				63D648F72BD9021800A5B732 /* Array - Drop First.swift */,
				63D649032BD9256200A5B732 /* String - Show Help.swift */,
			);
			path = Extensions;
			sourceTree = "<group>";
		};
/* End PBXGroup section */

/* Begin PBXNativeTarget section */
		63D648D42BD8592400A5B732 /* Rename Everything */ = {
			isa = PBXNativeTarget;
			buildConfigurationList = 63D648DC2BD8592400A5B732 /* Build configuration list for PBXNativeTarget "Rename Everything" */;
			buildPhases = (
				63D648D12BD8592400A5B732 /* Sources */,
				63D648D22BD8592400A5B732 /* Frameworks */,
				63D648D32BD8592400A5B732 /* CopyFiles */,
			);
			buildRules = (
			);
			dependencies = (
			);
			name = "Rename Everything";
			productName = "Rename Everything";
			productReference = 63D648D52BD8592400A5B732 /* Rename Everything */;
			productType = "com.apple.product-type.tool";
		};
/* End PBXNativeTarget section */

/* Begin PBXProject section */
		63D648CD2BD8592400A5B732 /* Project object */ = {
			isa = PBXProject;
			attributes = {
				BuildIndependentTargetsInParallel = 1;
				LastSwiftUpdateCheck = 1530;
				LastUpgradeCheck = 1530;
				TargetAttributes = {
					63D648D42BD8592400A5B732 = {
						CreatedOnToolsVersion = 15.3;
					};
				};
			};
			buildConfigurationList = 63D648D02BD8592400A5B732 /* Build configuration list for PBXProject "Rename Everything" */;
			compatibilityVersion = "Xcode 14.0";
			developmentRegion = en;
			hasScannedForEncodings = 0;
			knownRegions = (
				en,
				Base,
			);
			mainGroup = 63D648CC2BD8592400A5B732;
			productRefGroup = 63D648D62BD8592400A5B732 /* Products */;
			projectDirPath = "";
			projectRoot = "";
			targets = (
				63D648D42BD8592400A5B732 /* Rename Everything */,
			);
		};
/* End PBXProject section */

/* Begin PBXSourcesBuildPhase section */
		63D648D12BD8592400A5B732 /* Sources */ = {
			isa = PBXSourcesBuildPhase;
			buildActionMask = 2147483647;
			files = (
				63D649042BD9256200A5B732 /* String - Show Help.swift in Sources */,
				63D648FA2BD904B800A5B732 /* Parse Renaming Type.swift in Sources */,
				63D648D92BD8592400A5B732 /* RenameEverythingApp.swift in Sources */,
				63D648F62BD901B000A5B732 /* Renaming Types.swift in Sources */,
				63D648F82BD9021800A5B732 /* Array - Drop First.swift in Sources */,
				63D648F22BD9014300A5B732 /* Array - Safe Access.swift in Sources */,
				63D648F42BD9016100A5B732 /* Process Info - Terminal Arguments.swift in Sources */,
			);
			runOnlyForDeploymentPostprocessing = 0;
		};
/* End PBXSourcesBuildPhase section */

/* Begin XCBuildConfiguration section */
		63D648DA2BD8592400A5B732 /* Debug */ = {
			isa = XCBuildConfiguration;
			buildSettings = {
				ALWAYS_SEARCH_USER_PATHS = NO;
				ASSETCATALOG_COMPILER_GENERATE_SWIFT_ASSET_SYMBOL_EXTENSIONS = YES;
				CLANG_ANALYZER_NONNULL = YES;
				CLANG_ANALYZER_NUMBER_OBJECT_CONVERSION = YES_AGGRESSIVE;
				CLANG_CXX_LANGUAGE_STANDARD = "gnu++20";
				CLANG_ENABLE_MODULES = YES;
				CLANG_ENABLE_OBJC_ARC = YES;
				CLANG_ENABLE_OBJC_WEAK = YES;
				CLANG_WARN_BLOCK_CAPTURE_AUTORELEASING = YES;
				CLANG_WARN_BOOL_CONVERSION = YES;
				CLANG_WARN_COMMA = YES;
				CLANG_WARN_CONSTANT_CONVERSION = YES;
				CLANG_WARN_DEPRECATED_OBJC_IMPLEMENTATIONS = YES;
				CLANG_WARN_DIRECT_OBJC_ISA_USAGE = YES_ERROR;
				CLANG_WARN_DOCUMENTATION_COMMENTS = YES;
				CLANG_WARN_EMPTY_BODY = YES;
				CLANG_WARN_ENUM_CONVERSION = YES;
				CLANG_WARN_INFINITE_RECURSION = YES;
				CLANG_WARN_INT_CONVERSION = YES;
				CLANG_WARN_NON_LITERAL_NULL_CONVERSION = YES;
				CLANG_WARN_OBJC_IMPLICIT_RETAIN_SELF = YES;
				CLANG_WARN_OBJC_LITERAL_CONVERSION = YES;
				CLANG_WARN_OBJC_ROOT_CLASS = YES_ERROR;
				CLANG_WARN_QUOTED_INCLUDE_IN_FRAMEWORK_HEADER = YES;
				CLANG_WARN_RANGE_LOOP_ANALYSIS = YES;
				CLANG_WARN_STRICT_PROTOTYPES = YES;
				CLANG_WARN_SUSPICIOUS_MOVE = YES;
				CLANG_WARN_UNGUARDED_AVAILABILITY = YES_AGGRESSIVE;
				CLANG_WARN_UNREACHABLE_CODE = YES;
				CLANG_WARN__DUPLICATE_METHOD_MATCH = YES;
				COPY_PHASE_STRIP = NO;
				DEBUG_INFORMATION_FORMAT = dwarf;
				ENABLE_STRICT_OBJC_MSGSEND = YES;
				ENABLE_TESTABILITY = YES;
				ENABLE_USER_SCRIPT_SANDBOXING = YES;
				GCC_C_LANGUAGE_STANDARD = gnu17;
				GCC_DYNAMIC_NO_PIC = NO;
				GCC_NO_COMMON_BLOCKS = YES;
				GCC_OPTIMIZATION_LEVEL = 0;
				GCC_PREPROCESSOR_DEFINITIONS = (
					"DEBUG=1",
					"$(inherited)",
				);
				GCC_WARN_64_TO_32_BIT_CONVERSION = YES;
				GCC_WARN_ABOUT_RETURN_TYPE = YES_ERROR;
				GCC_WARN_UNDECLARED_SELECTOR = YES;
				GCC_WARN_UNINITIALIZED_AUTOS = YES_AGGRESSIVE;
				GCC_WARN_UNUSED_FUNCTION = YES;
				GCC_WARN_UNUSED_VARIABLE = YES;
				LOCALIZATION_PREFERS_STRING_CATALOGS = YES;
				MACOSX_DEPLOYMENT_TARGET = 14.4;
				MTL_ENABLE_DEBUG_INFO = INCLUDE_SOURCE;
				MTL_FAST_MATH = YES;
				ONLY_ACTIVE_ARCH = YES;
				SDKROOT = macosx;
				SWIFT_ACTIVE_COMPILATION_CONDITIONS = "DEBUG $(inherited)";
				SWIFT_OPTIMIZATION_LEVEL = "-Onone";
			};
			name = Debug;
		};
		63D648DB2BD8592400A5B732 /* Release */ = {
			isa = XCBuildConfiguration;
			buildSettings = {
				ALWAYS_SEARCH_USER_PATHS = NO;
				ASSETCATALOG_COMPILER_GENERATE_SWIFT_ASSET_SYMBOL_EXTENSIONS = YES;
				CLANG_ANALYZER_NONNULL = YES;
				CLANG_ANALYZER_NUMBER_OBJECT_CONVERSION = YES_AGGRESSIVE;
				CLANG_CXX_LANGUAGE_STANDARD = "gnu++20";
				CLANG_ENABLE_MODULES = YES;
				CLANG_ENABLE_OBJC_ARC = YES;
				CLANG_ENABLE_OBJC_WEAK = YES;
				CLANG_WARN_BLOCK_CAPTURE_AUTORELEASING = YES;
				CLANG_WARN_BOOL_CONVERSION = YES;
				CLANG_WARN_COMMA = YES;
				CLANG_WARN_CONSTANT_CONVERSION = YES;
				CLANG_WARN_DEPRECATED_OBJC_IMPLEMENTATIONS = YES;
				CLANG_WARN_DIRECT_OBJC_ISA_USAGE = YES_ERROR;
				CLANG_WARN_DOCUMENTATION_COMMENTS = YES;
				CLANG_WARN_EMPTY_BODY = YES;
				CLANG_WARN_ENUM_CONVERSION = YES;
				CLANG_WARN_INFINITE_RECURSION = YES;
				CLANG_WARN_INT_CONVERSION = YES;
				CLANG_WARN_NON_LITERAL_NULL_CONVERSION = YES;
				CLANG_WARN_OBJC_IMPLICIT_RETAIN_SELF = YES;
				CLANG_WARN_OBJC_LITERAL_CONVERSION = YES;
				CLANG_WARN_OBJC_ROOT_CLASS = YES_ERROR;
				CLANG_WARN_QUOTED_INCLUDE_IN_FRAMEWORK_HEADER = YES;
				CLANG_WARN_RANGE_LOOP_ANALYSIS = YES;
				CLANG_WARN_STRICT_PROTOTYPES = YES;
				CLANG_WARN_SUSPICIOUS_MOVE = YES;
				CLANG_WARN_UNGUARDED_AVAILABILITY = YES_AGGRESSIVE;
				CLANG_WARN_UNREACHABLE_CODE = YES;
				CLANG_WARN__DUPLICATE_METHOD_MATCH = YES;
				COPY_PHASE_STRIP = NO;
				DEBUG_INFORMATION_FORMAT = "dwarf-with-dsym";
				ENABLE_NS_ASSERTIONS = NO;
				ENABLE_STRICT_OBJC_MSGSEND = YES;
				ENABLE_USER_SCRIPT_SANDBOXING = YES;
				GCC_C_LANGUAGE_STANDARD = gnu17;
				GCC_NO_COMMON_BLOCKS = YES;
				GCC_WARN_64_TO_32_BIT_CONVERSION = YES;
				GCC_WARN_ABOUT_RETURN_TYPE = YES_ERROR;
				GCC_WARN_UNDECLARED_SELECTOR = YES;
				GCC_WARN_UNINITIALIZED_AUTOS = YES_AGGRESSIVE;
				GCC_WARN_UNUSED_FUNCTION = YES;
				GCC_WARN_UNUSED_VARIABLE = YES;
				LOCALIZATION_PREFERS_STRING_CATALOGS = YES;
				MACOSX_DEPLOYMENT_TARGET = 14.4;
				MTL_ENABLE_DEBUG_INFO = NO;
				MTL_FAST_MATH = YES;
				SDKROOT = macosx;
				SWIFT_COMPILATION_MODE = wholemodule;
			};
			name = Release;
		};
		63D648DD2BD8592400A5B732 /* Debug */ = {
			isa = XCBuildConfiguration;
			buildSettings = {
				CODE_SIGN_STYLE = Automatic;
				DEVELOPMENT_TEAM = ZSVA6DVZHM;
				ENABLE_HARDENED_RUNTIME = YES;
				PRODUCT_NAME = "$(TARGET_NAME)";
				SWIFT_VERSION = 5.0;
			};
			name = Debug;
		};
		63D648DE2BD8592400A5B732 /* Release */ = {
			isa = XCBuildConfiguration;
			buildSettings = {
				CODE_SIGN_STYLE = Automatic;
				DEVELOPMENT_TEAM = ZSVA6DVZHM;
				ENABLE_HARDENED_RUNTIME = YES;
				PRODUCT_NAME = "$(TARGET_NAME)";
				SWIFT_VERSION = 5.0;
			};
			name = Release;
		};
/* End XCBuildConfiguration section */

/* Begin XCConfigurationList section */
		63D648D02BD8592400A5B732 /* Build configuration list for PBXProject "Rename Everything" */ = {
			isa = XCConfigurationList;
			buildConfigurations = (
				63D648DA2BD8592400A5B732 /* Debug */,
				63D648DB2BD8592400A5B732 /* Release */,
			);
			defaultConfigurationIsVisible = 0;
			defaultConfigurationName = Release;
		};
		63D648DC2BD8592400A5B732 /* Build configuration list for PBXNativeTarget "Rename Everything" */ = {
			isa = XCConfigurationList;
			buildConfigurations = (
				63D648DD2BD8592400A5B732 /* Debug */,
				63D648DE2BD8592400A5B732 /* Release */,
			);
			defaultConfigurationIsVisible = 0;
			defaultConfigurationName = Release;
		};
/* End XCConfigurationList section */
	};
	rootObject = 63D648CD2BD8592400A5B732 /* Project object */;
}
