{
  "originHash" : "738e706023d297a4ed1f841890ef44efeeb1caafadf0529caaf0af1a4173a212",
  "pins" : [
    {
      "identity" : "swiftyterminalcolors",
      "kind" : "remoteSourceControl",
      "location" : "https://github.com/buresdv/SwiftyTerminalColors",
      "state" : {
        "branch" : "main",
        "revision" : "4ce2592c63052adf04fd0b6e263cc34810ff35b0"
      }
    }
  ],
  "version" : 3
}
